// !$*UTF8*$!
{
	archiveVersion = 1;
	classes = {
	};
	objectVersion = 56;
	objects = {

/* Begin PBXBuildFile section */
		52E9A9112A7025CD007BD7C3 /* AppDelegate.swift in Sources */ = {isa = PBXBuildFile; fileRef = 52E9A9102A7025CD007BD7C3 /* AppDelegate.swift */; };
		52E9A9132A7025CD007BD7C3 /* SceneDelegate.swift in Sources */ = {isa = PBXBuildFile; fileRef = 52E9A9122A7025CD007BD7C3 /* SceneDelegate.swift */; };
		52E9A9152A7025CD007BD7C3 /* ViewController.swift in Sources */ = {isa = PBXBuildFile; fileRef = 52E9A9142A7025CD007BD7C3 /* ViewController.swift */; };
		52E9A9182A7025CD007BD7C3 /* Main.storyboard in Resources */ = {isa = PBXBuildFile; fileRef = 52E9A9162A7025CD007BD7C3 /* Main.storyboard */; };
		52E9A91A2A7025CE007BD7C3 /* Assets.xcassets in Resources */ = {isa = PBXBuildFile; fileRef = 52E9A9192A7025CE007BD7C3 /* Assets.xcassets */; };
		52E9A91D2A7025CE007BD7C3 /* LaunchScreen.storyboard in Resources */ = {isa = PBXBuildFile; fileRef = 52E9A91B2A7025CE007BD7C3 /* LaunchScreen.storyboard */; };
		52E9A9282A7025CE007BD7C3 /* CounterTests.swift in Sources */ = {isa = PBXBuildFile; fileRef = 52E9A9272A7025CE007BD7C3 /* CounterTests.swift */; };
		52E9A9322A7025CE007BD7C3 /* CounterUITests.swift in Sources */ = {isa = PBXBuildFile; fileRef = 52E9A9312A7025CE007BD7C3 /* CounterUITests.swift */; };
		52E9A9342A7025CE007BD7C3 /* CounterUITestsLaunchTests.swift in Sources */ = {isa = PBXBuildFile; fileRef = 52E9A9332A7025CE007BD7C3 /* CounterUITestsLaunchTests.swift */; };
/* End PBXBuildFile section */

/* Begin PBXContainerItemProxy section */
		52E9A9242A7025CE007BD7C3 /* PBXContainerItemProxy */ = {
			isa = PBXContainerItemProxy;
			containerPortal = 52E9A9052A7025CD007BD7C3 /* Project object */;
			proxyType = 1;
			remoteGlobalIDString = 52E9A90C2A7025CD007BD7C3;
			remoteInfo = Counter;
		};
		52E9A92E2A7025CE007BD7C3 /* PBXContainerItemProxy */ = {
			isa = PBXContainerItemProxy;
			containerPortal = 52E9A9052A7025CD007BD7C3 /* Project object */;
			proxyType = 1;
			remoteGlobalIDString = 52E9A90C2A7025CD007BD7C3;
			remoteInfo = Counter;
		};
/* End PBXContainerItemProxy section */

/* Begin PBXFileReference section */
		52E9A90D2A7025CD007BD7C3 /* Counter.app */ = {isa = PBXFileReference; explicitFileType = wrapper.application; includeInIndex = 0; path = Counter.app; sourceTree = BUILT_PRODUCTS_DIR; };
		52E9A9102A7025CD007BD7C3 /* AppDelegate.swift */ = {isa = PBXFileReference; lastKnownFileType = sourcecode.swift; path = AppDelegate.swift; sourceTree = "<group>"; };
		52E9A9122A7025CD007BD7C3 /* SceneDelegate.swift */ = {isa = PBXFileReference; lastKnownFileType = sourcecode.swift; path = SceneDelegate.swift; sourceTree = "<group>"; };
		52E9A9142A7025CD007BD7C3 /* ViewController.swift */ = {isa = PBXFileReference; lastKnownFileType = sourcecode.swift; path = ViewController.swift; sourceTree = "<group>"; };
		52E9A9172A7025CD007BD7C3 /* Base */ = {isa = PBXFileReference; lastKnownFileType = file.storyboard; name = Base; path = Base.lproj/Main.storyboard; sourceTree = "<group>"; };
		52E9A9192A7025CE007BD7C3 /* Assets.xcassets */ = {isa = PBXFileReference; lastKnownFileType = folder.assetcatalog; path = Assets.xcassets; sourceTree = "<group>"; };
		52E9A91C2A7025CE007BD7C3 /* Base */ = {isa = PBXFileReference; lastKnownFileType = file.storyboard; name = Base; path = Base.lproj/LaunchScreen.storyboard; sourceTree = "<group>"; };
		52E9A91E2A7025CE007BD7C3 /* Info.plist */ = {isa = PBXFileReference; lastKnownFileType = text.plist.xml; path = Info.plist; sourceTree = "<group>"; };
		52E9A9232A7025CE007BD7C3 /* CounterTests.xctest */ = {isa = PBXFileReference; explicitFileType = wrapper.cfbundle; includeInIndex = 0; path = CounterTests.xctest; sourceTree = BUILT_PRODUCTS_DIR; };
		52E9A9272A7025CE007BD7C3 /* CounterTests.swift */ = {isa = PBXFileReference; lastKnownFileType = sourcecode.swift; path = CounterTests.swift; sourceTree = "<group>"; };
		52E9A92D2A7025CE007BD7C3 /* CounterUITests.xctest */ = {isa = PBXFileReference; explicitFileType = wrapper.cfbundle; includeInIndex = 0; path = CounterUITests.xctest; sourceTree = BUILT_PRODUCTS_DIR; };
		52E9A9312A7025CE007BD7C3 /* CounterUITests.swift */ = {isa = PBXFileReference; lastKnownFileType = sourcecode.swift; path = CounterUITests.swift; sourceTree = "<group>"; };
		52E9A9332A7025CE007BD7C3 /* CounterUITestsLaunchTests.swift */ = {isa = PBXFileReference; lastKnownFileType = sourcecode.swift; path = CounterUITestsLaunchTests.swift; sourceTree = "<group>"; };
/* End PBXFileReference section */

/* Begin PBXFrameworksBuildPhase section */
		52E9A90A2A7025CD007BD7C3 /* Frameworks */ = {
			isa = PBXFrameworksBuildPhase;
			buildActionMask = 2147483647;
			files = (
			);
			runOnlyForDeploymentPostprocessing = 0;
		};
		52E9A9202A7025CE007BD7C3 /* Frameworks */ = {
			isa = PBXFrameworksBuildPhase;
			buildActionMask = 2147483647;
			files = (
			);
			runOnlyForDeploymentPostprocessing = 0;
		};
		52E9A92A2A7025CE007BD7C3 /* Frameworks */ = {
			isa = PBXFrameworksBuildPhase;
			buildActionMask = 2147483647;
			files = (
			);
			runOnlyForDeploymentPostprocessing = 0;
		};
/* End PBXFrameworksBuildPhase section */

/* Begin PBXGroup section */
		52E9A9042A7025CD007BD7C3 = {
			isa = PBXGroup;
			children = (
				52E9A90F2A7025CD007BD7C3 /* Counter */,
				52E9A9262A7025CE007BD7C3 /* CounterTests */,
				52E9A9302A7025CE007BD7C3 /* CounterUITests */,
				52E9A90E2A7025CD007BD7C3 /* Products */,
			);
			sourceTree = "<group>";
		};
		52E9A90E2A7025CD007BD7C3 /* Products */ = {
			isa = PBXGroup;
			children = (
				52E9A90D2A7025CD007BD7C3 /* Counter.app */,
				52E9A9232A7025CE007BD7C3 /* CounterTests.xctest */,
				52E9A92D2A7025CE007BD7C3 /* CounterUITests.xctest */,
			);
			name = Products;
			sourceTree = "<group>";
		};
		52E9A90F2A7025CD007BD7C3 /* Counter */ = {
			isa = PBXGroup;
			children = (
				52E9A9102A7025CD007BD7C3 /* AppDelegate.swift */,
				52E9A9122A7025CD007BD7C3 /* SceneDelegate.swift */,
				52E9A9142A7025CD007BD7C3 /* ViewController.swift */,
				52E9A9162A7025CD007BD7C3 /* Main.storyboard */,
				52E9A9192A7025CE007BD7C3 /* Assets.xcassets */,
				52E9A91B2A7025CE007BD7C3 /* LaunchScreen.storyboard */,
				52E9A91E2A7025CE007BD7C3 /* Info.plist */,
			);
			path = Counter;
			sourceTree = "<group>";
		};
		52E9A9262A7025CE007BD7C3 /* CounterTests */ = {
			isa = PBXGroup;
			children = (
				52E9A9272A7025CE007BD7C3 /* CounterTests.swift */,
			);
			path = CounterTests;
			sourceTree = "<group>";
		};
		52E9A9302A7025CE007BD7C3 /* CounterUITests */ = {
			isa = PBXGroup;
			children = (
				52E9A9312A7025CE007BD7C3 /* CounterUITests.swift */,
				52E9A9332A7025CE007BD7C3 /* CounterUITestsLaunchTests.swift */,
			);
			path = CounterUITests;
			sourceTree = "<group>";
		};
/* End PBXGroup section */

/* Begin PBXNativeTarget section */
		52E9A90C2A7025CD007BD7C3 /* Counter */ = {
			isa = PBXNativeTarget;
			buildConfigurationList = 52E9A9372A7025CE007BD7C3 /* Build configuration list for PBXNativeTarget "Counter" */;
			buildPhases = (
				52E9A9092A7025CD007BD7C3 /* Sources */,
				52E9A90A2A7025CD007BD7C3 /* Frameworks */,
				52E9A90B2A7025CD007BD7C3 /* Resources */,
			);
			buildRules = (
			);
			dependencies = (
			);
			name = Counter;
			productName = Counter;
			productReference = 52E9A90D2A7025CD007BD7C3 /* Counter.app */;
			productType = "com.apple.product-type.application";
		};
		52E9A9222A7025CE007BD7C3 /* CounterTests */ = {
			isa = PBXNativeTarget;
			buildConfigurationList = 52E9A93A2A7025CE007BD7C3 /* Build configuration list for PBXNativeTarget "CounterTests" */;
			buildPhases = (
				52E9A91F2A7025CE007BD7C3 /* Sources */,
				52E9A9202A7025CE007BD7C3 /* Frameworks */,
				52E9A9212A7025CE007BD7C3 /* Resources */,
			);
			buildRules = (
			);
			dependencies = (
				52E9A9252A7025CE007BD7C3 /* PBXTargetDependency */,
			);
			name = CounterTests;
			productName = CounterTests;
			productReference = 52E9A9232A7025CE007BD7C3 /* CounterTests.xctest */;
			productType = "com.apple.product-type.bundle.unit-test";
		};
		52E9A92C2A7025CE007BD7C3 /* CounterUITests */ = {
			isa = PBXNativeTarget;
			buildConfigurationList = 52E9A93D2A7025CE007BD7C3 /* Build configuration list for PBXNativeTarget "CounterUITests" */;
			buildPhases = (
				52E9A9292A7025CE007BD7C3 /* Sources */,
				52E9A92A2A7025CE007BD7C3 /* Frameworks */,
				52E9A92B2A7025CE007BD7C3 /* Resources */,
			);
			buildRules = (
			);
			dependencies = (
				52E9A92F2A7025CE007BD7C3 /* PBXTargetDependency */,
			);
			name = CounterUITests;
			productName = CounterUITests;
			productReference = 52E9A92D2A7025CE007BD7C3 /* CounterUITests.xctest */;
			productType = "com.apple.product-type.bundle.ui-testing";
		};
/* End PBXNativeTarget section */

/* Begin PBXProject section */
		52E9A9052A7025CD007BD7C3 /* Project object */ = {
			isa = PBXProject;
			attributes = {
				BuildIndependentTargetsInParallel = 1;
				LastSwiftUpdateCheck = 1430;
				LastUpgradeCheck = 1430;
				TargetAttributes = {
					52E9A90C2A7025CD007BD7C3 = {
						CreatedOnToolsVersion = 14.3.1;
					};
					52E9A9222A7025CE007BD7C3 = {
						CreatedOnToolsVersion = 14.3.1;
						TestTargetID = 52E9A90C2A7025CD007BD7C3;
					};
					52E9A92C2A7025CE007BD7C3 = {
						CreatedOnToolsVersion = 14.3.1;
						TestTargetID = 52E9A90C2A7025CD007BD7C3;
					};
				};
			};
			buildConfigurationList = 52E9A9082A7025CD007BD7C3 /* Build configuration list for PBXProject "Counter" */;
			compatibilityVersion = "Xcode 14.0";
			developmentRegion = en;
			hasScannedForEncodings = 0;
			knownRegions = (
				en,
				Base,
			);
			mainGroup = 52E9A9042A7025CD007BD7C3;
			productRefGroup = 52E9A90E2A7025CD007BD7C3 /* Products */;
			projectDirPath = "";
			projectRoot = "";
			targets = (
				52E9A90C2A7025CD007BD7C3 /* Counter */,
				52E9A9222A7025CE007BD7C3 /* CounterTests */,
				52E9A92C2A7025CE007BD7C3 /* CounterUITests */,
			);
		};
/* End PBXProject section */

/* Begin PBXResourcesBuildPhase section */
		52E9A90B2A7025CD007BD7C3 /* Resources */ = {
			isa = PBXResourcesBuildPhase;
			buildActionMask = 2147483647;
			files = (
				52E9A91D2A7025CE007BD7C3 /* LaunchScreen.storyboard in Resources */,
				52E9A91A2A7025CE007BD7C3 /* Assets.xcassets in Resources */,
				52E9A9182A7025CD007BD7C3 /* Main.storyboard in Resources */,
			);
			runOnlyForDeploymentPostprocessing = 0;
		};
		52E9A9212A7025CE007BD7C3 /* Resources */ = {
			isa = PBXResourcesBuildPhase;
			buildActionMask = 2147483647;
			files = (
			);
			runOnlyForDeploymentPostprocessing = 0;
		};
		52E9A92B2A7025CE007BD7C3 /* Resources */ = {
			isa = PBXResourcesBuildPhase;
			buildActionMask = 2147483647;
			files = (
			);
			runOnlyForDeploymentPostprocessing = 0;
		};
/* End PBXResourcesBuildPhase section */

/* Begin PBXSourcesBuildPhase section */
		52E9A9092A7025CD007BD7C3 /* Sources */ = {
			isa = PBXSourcesBuildPhase;
			buildActionMask = 2147483647;
			files = (
				52E9A9152A7025CD007BD7C3 /* ViewController.swift in Sources */,
				52E9A9112A7025CD007BD7C3 /* AppDelegate.swift in Sources */,
				52E9A9132A7025CD007BD7C3 /* SceneDelegate.swift in Sources */,
			);
			runOnlyForDeploymentPostprocessing = 0;
		};
		52E9A91F2A7025CE007BD7C3 /* Sources */ = {
			isa = PBXSourcesBuildPhase;
			buildActionMask = 2147483647;
			files = (
				52E9A9282A7025CE007BD7C3 /* CounterTests.swift in Sources */,
			);
			runOnlyForDeploymentPostprocessing = 0;
		};
		52E9A9292A7025CE007BD7C3 /* Sources */ = {
			isa = PBXSourcesBuildPhase;
			buildActionMask = 2147483647;
			files = (
				52E9A9322A7025CE007BD7C3 /* CounterUITests.swift in Sources */,
				52E9A9342A7025CE007BD7C3 /* CounterUITestsLaunchTests.swift in Sources */,
			);
			runOnlyForDeploymentPostprocessing = 0;
		};
/* End PBXSourcesBuildPhase section */

/* Begin PBXTargetDependency section */
		52E9A9252A7025CE007BD7C3 /* PBXTargetDependency */ = {
			isa = PBXTargetDependency;
			target = 52E9A90C2A7025CD007BD7C3 /* Counter */;
			targetProxy = 52E9A9242A7025CE007BD7C3 /* PBXContainerItemProxy */;
		};
		52E9A92F2A7025CE007BD7C3 /* PBXTargetDependency */ = {
			isa = PBXTargetDependency;
			target = 52E9A90C2A7025CD007BD7C3 /* Counter */;
			targetProxy = 52E9A92E2A7025CE007BD7C3 /* PBXContainerItemProxy */;
		};
/* End PBXTargetDependency section */

/* Begin PBXVariantGroup section */
		52E9A9162A7025CD007BD7C3 /* Main.storyboard */ = {
			isa = PBXVariantGroup;
			children = (
				52E9A9172A7025CD007BD7C3 /* Base */,
			);
			name = Main.storyboard;
			sourceTree = "<group>";
		};
		52E9A91B2A7025CE007BD7C3 /* LaunchScreen.storyboard */ = {
			isa = PBXVariantGroup;
			children = (
				52E9A91C2A7025CE007BD7C3 /* Base */,
			);
			name = LaunchScreen.storyboard;
			sourceTree = "<group>";
		};
/* End PBXVariantGroup section */

/* Begin XCBuildConfiguration section */
		52E9A9352A7025CE007BD7C3 /* Debug */ = {
			isa = XCBuildConfiguration;
			buildSettings = {
				ALWAYS_SEARCH_USER_PATHS = NO;
				CLANG_ANALYZER_NONNULL = YES;
				CLANG_ANALYZER_NUMBER_OBJECT_CONVERSION = YES_AGGRESSIVE;
				CLANG_CXX_LANGUAGE_STANDARD = "gnu++20";
				CLANG_ENABLE_MODULES = YES;
				CLANG_ENABLE_OBJC_ARC = YES;
				CLANG_ENABLE_OBJC_WEAK = YES;
				CLANG_WARN_BLOCK_CAPTURE_AUTORELEASING = YES;
				CLANG_WARN_BOOL_CONVERSION = YES;
				CLANG_WARN_COMMA = YES;
				CLANG_WARN_CONSTANT_CONVERSION = YES;
				CLANG_WARN_DEPRECATED_OBJC_IMPLEMENTATIONS = YES;
				CLANG_WARN_DIRECT_OBJC_ISA_USAGE = YES_ERROR;
				CLANG_WARN_DOCUMENTATION_COMMENTS = YES;
				CLANG_WARN_EMPTY_BODY = YES;
				CLANG_WARN_ENUM_CONVERSION = YES;
				CLANG_WARN_INFINITE_RECURSION = YES;
				CLANG_WARN_INT_CONVERSION = YES;
				CLANG_WARN_NON_LITERAL_NULL_CONVERSION = YES;
				CLANG_WARN_OBJC_IMPLICIT_RETAIN_SELF = YES;
				CLANG_WARN_OBJC_LITERAL_CONVERSION = YES;
				CLANG_WARN_OBJC_ROOT_CLASS = YES_ERROR;
				CLANG_WARN_QUOTED_INCLUDE_IN_FRAMEWORK_HEADER = YES;
				CLANG_WARN_RANGE_LOOP_ANALYSIS = YES;
				CLANG_WARN_STRICT_PROTOTYPES = YES;
				CLANG_WARN_SUSPICIOUS_MOVE = YES;
				CLANG_WARN_UNGUARDED_AVAILABILITY = YES_AGGRESSIVE;
				CLANG_WARN_UNREACHABLE_CODE = YES;
				CLANG_WARN__DUPLICATE_METHOD_MATCH = YES;
				COPY_PHASE_STRIP = NO;
				DEBUG_INFORMATION_FORMAT = dwarf;
				ENABLE_STRICT_OBJC_MSGSEND = YES;
				ENABLE_TESTABILITY = YES;
				GCC_C_LANGUAGE_STANDARD = gnu11;
				GCC_DYNAMIC_NO_PIC = NO;
				GCC_NO_COMMON_BLOCKS = YES;
				GCC_OPTIMIZATION_LEVEL = 0;
				GCC_PREPROCESSOR_DEFINITIONS = (
					"DEBUG=1",
					"$(inherited)",
				);
				GCC_WARN_64_TO_32_BIT_CONVERSION = YES;
				GCC_WARN_ABOUT_RETURN_TYPE = YES_ERROR;
				GCC_WARN_UNDECLARED_SELECTOR = YES;
				GCC_WARN_UNINITIALIZED_AUTOS = YES_AGGRESSIVE;
				GCC_WARN_UNUSED_FUNCTION = YES;
				GCC_WARN_UNUSED_VARIABLE = YES;
				IPHONEOS_DEPLOYMENT_TARGET = 16.4;
				MTL_ENABLE_DEBUG_INFO = INCLUDE_SOURCE;
				MTL_FAST_MATH = YES;
				ONLY_ACTIVE_ARCH = YES;
				SDKROOT = iphoneos;
				SWIFT_ACTIVE_COMPILATION_CONDITIONS = DEBUG;
				SWIFT_OPTIMIZATION_LEVEL = "-Onone";
			};
			name = Debug;
		};
		52E9A9362A7025CE007BD7C3 /* Release */ = {
			isa = XCBuildConfiguration;
			buildSettings = {
				ALWAYS_SEARCH_USER_PATHS = NO;
				CLANG_ANALYZER_NONNULL = YES;
				CLANG_ANALYZER_NUMBER_OBJECT_CONVERSION = YES_AGGRESSIVE;
				CLANG_CXX_LANGUAGE_STANDARD = "gnu++20";
				CLANG_ENABLE_MODULES = YES;
				CLANG_ENABLE_OBJC_ARC = YES;
				CLANG_ENABLE_OBJC_WEAK = YES;
				CLANG_WARN_BLOCK_CAPTURE_AUTORELEASING = YES;
				CLANG_WARN_BOOL_CONVERSION = YES;
				CLANG_WARN_COMMA = YES;
				CLANG_WARN_CONSTANT_CONVERSION = YES;
				CLANG_WARN_DEPRECATED_OBJC_IMPLEMENTATIONS = YES;
				CLANG_WARN_DIRECT_OBJC_ISA_USAGE = YES_ERROR;
				CLANG_WARN_DOCUMENTATION_COMMENTS = YES;
				CLANG_WARN_EMPTY_BODY = YES;
				CLANG_WARN_ENUM_CONVERSION = YES;
				CLANG_WARN_INFINITE_RECURSION = YES;
				CLANG_WARN_INT_CONVERSION = YES;
				CLANG_WARN_NON_LITERAL_NULL_CONVERSION = YES;
				CLANG_WARN_OBJC_IMPLICIT_RETAIN_SELF = YES;
				CLANG_WARN_OBJC_LITERAL_CONVERSION = YES;
				CLANG_WARN_OBJC_ROOT_CLASS = YES_ERROR;
				CLANG_WARN_QUOTED_INCLUDE_IN_FRAMEWORK_HEADER = YES;
				CLANG_WARN_RANGE_LOOP_ANALYSIS = YES;
				CLANG_WARN_STRICT_PROTOTYPES = YES;
				CLANG_WARN_SUSPICIOUS_MOVE = YES;
				CLANG_WARN_UNGUARDED_AVAILABILITY = YES_AGGRESSIVE;
				CLANG_WARN_UNREACHABLE_CODE = YES;
				CLANG_WARN__DUPLICATE_METHOD_MATCH = YES;
				COPY_PHASE_STRIP = NO;
				DEBUG_INFORMATION_FORMAT = "dwarf-with-dsym";
				ENABLE_NS_ASSERTIONS = NO;
				ENABLE_STRICT_OBJC_MSGSEND = YES;
				GCC_C_LANGUAGE_STANDARD = gnu11;
				GCC_NO_COMMON_BLOCKS = YES;
				GCC_WARN_64_TO_32_BIT_CONVERSION = YES;
				GCC_WARN_ABOUT_RETURN_TYPE = YES_ERROR;
				GCC_WARN_UNDECLARED_SELECTOR = YES;
				GCC_WARN_UNINITIALIZED_AUTOS = YES_AGGRESSIVE;
				GCC_WARN_UNUSED_FUNCTION = YES;
				GCC_WARN_UNUSED_VARIABLE = YES;
				IPHONEOS_DEPLOYMENT_TARGET = 16.4;
				MTL_ENABLE_DEBUG_INFO = NO;
				MTL_FAST_MATH = YES;
				SDKROOT = iphoneos;
				SWIFT_COMPILATION_MODE = wholemodule;
				SWIFT_OPTIMIZATION_LEVEL = "-O";
				VALIDATE_PRODUCT = YES;
			};
			name = Release;
		};
		52E9A9382A7025CE007BD7C3 /* Debug */ = {
			isa = XCBuildConfiguration;
			buildSettings = {
				ASSETCATALOG_COMPILER_APPICON_NAME = AppIcon;
				ASSETCATALOG_COMPILER_GLOBAL_ACCENT_COLOR_NAME = AccentColor;
				CODE_SIGN_STYLE = Automatic;
				CURRENT_PROJECT_VERSION = 1;
				GENERATE_INFOPLIST_FILE = YES;
				INFOPLIST_FILE = Counter/Info.plist;
				INFOPLIST_KEY_UIApplicationSupportsIndirectInputEvents = YES;
				INFOPLIST_KEY_UILaunchStoryboardName = LaunchScreen;
				INFOPLIST_KEY_UIMainStoryboardFile = Main;
				INFOPLIST_KEY_UISupportedInterfaceOrientations_iPad = "UIInterfaceOrientationPortrait UIInterfaceOrientationPortraitUpsideDown UIInterfaceOrientationLandscapeLeft UIInterfaceOrientationLandscapeRight";
				INFOPLIST_KEY_UISupportedInterfaceOrientations_iPhone = "UIInterfaceOrientationPortrait UIInterfaceOrientationLandscapeLeft UIInterfaceOrientationLandscapeRight";
				LD_RUNPATH_SEARCH_PATHS = (
					"$(inherited)",
					"@executable_path/Frameworks",
				);
				MARKETING_VERSION = 1.0;
				PRODUCT_BUNDLE_IDENTIFIER = testtt.Counter;
				PRODUCT_NAME = "$(TARGET_NAME)";
				SWIFT_EMIT_LOC_STRINGS = YES;
				SWIFT_VERSION = 5.0;
				TARGETED_DEVICE_FAMILY = "1,2";
			};
			name = Debug;
		};
		52E9A9392A7025CE007BD7C3 /* Release */ = {
			isa = XCBuildConfiguration;
			buildSettings = {
				ASSETCATALOG_COMPILER_APPICON_NAME = AppIcon;
				ASSETCATALOG_COMPILER_GLOBAL_ACCENT_COLOR_NAME = AccentColor;
				CODE_SIGN_STYLE = Automatic;
				CURRENT_PROJECT_VERSION = 1;
				GENERATE_INFOPLIST_FILE = YES;
				INFOPLIST_FILE = Counter/Info.plist;
				INFOPLIST_KEY_UIApplicationSupportsIndirectInputEvents = YES;
				INFOPLIST_KEY_UILaunchStoryboardName = LaunchScreen;
				INFOPLIST_KEY_UIMainStoryboardFile = Main;
				INFOPLIST_KEY_UISupportedInterfaceOrientations_iPad = "UIInterfaceOrientationPortrait UIInterfaceOrientationPortraitUpsideDown UIInterfaceOrientationLandscapeLeft UIInterfaceOrientationLandscapeRight";
				INFOPLIST_KEY_UISupportedInterfaceOrientations_iPhone = "UIInterfaceOrientationPortrait UIInterfaceOrientationLandscapeLeft UIInterfaceOrientationLandscapeRight";
				LD_RUNPATH_SEARCH_PATHS = (
					"$(inherited)",
					"@executable_path/Frameworks",
				);
				MARKETING_VERSION = 1.0;
				PRODUCT_BUNDLE_IDENTIFIER = testtt.Counter;
				PRODUCT_NAME = "$(TARGET_NAME)";
				SWIFT_EMIT_LOC_STRINGS = YES;
				SWIFT_VERSION = 5.0;
				TARGETED_DEVICE_FAMILY = "1,2";
			};
			name = Release;
		};
		52E9A93B2A7025CE007BD7C3 /* Debug */ = {
			isa = XCBuildConfiguration;
			buildSettings = {
				ALWAYS_EMBED_SWIFT_STANDARD_LIBRARIES = YES;
				BUNDLE_LOADER = "$(TEST_HOST)";
				CODE_SIGN_STYLE = Automatic;
				CURRENT_PROJECT_VERSION = 1;
				GENERATE_INFOPLIST_FILE = YES;
				IPHONEOS_DEPLOYMENT_TARGET = 16.4;
				MARKETING_VERSION = 1.0;
				PRODUCT_BUNDLE_IDENTIFIER = testtt.CounterTests;
				PRODUCT_NAME = "$(TARGET_NAME)";
				SWIFT_EMIT_LOC_STRINGS = NO;
				SWIFT_VERSION = 5.0;
				TARGETED_DEVICE_FAMILY = "1,2";
				TEST_HOST = "$(BUILT_PRODUCTS_DIR)/Counter.app/$(BUNDLE_EXECUTABLE_FOLDER_PATH)/Counter";
			};
			name = Debug;
		};
		52E9A93C2A7025CE007BD7C3 /* Release */ = {
			isa = XCBuildConfiguration;
			buildSettings = {
				ALWAYS_EMBED_SWIFT_STANDARD_LIBRARIES = YES;
				BUNDLE_LOADER = "$(TEST_HOST)";
				CODE_SIGN_STYLE = Automatic;
				CURRENT_PROJECT_VERSION = 1;
				GENERATE_INFOPLIST_FILE = YES;
				IPHONEOS_DEPLOYMENT_TARGET = 16.4;
				MARKETING_VERSION = 1.0;
				PRODUCT_BUNDLE_IDENTIFIER = testtt.CounterTests;
				PRODUCT_NAME = "$(TARGET_NAME)";
				SWIFT_EMIT_LOC_STRINGS = NO;
				SWIFT_VERSION = 5.0;
				TARGETED_DEVICE_FAMILY = "1,2";
				TEST_HOST = "$(BUILT_PRODUCTS_DIR)/Counter.app/$(BUNDLE_EXECUTABLE_FOLDER_PATH)/Counter";
			};
			name = Release;
		};
		52E9A93E2A7025CE007BD7C3 /* Debug */ = {
			isa = XCBuildConfiguration;
			buildSettings = {
				ALWAYS_EMBED_SWIFT_STANDARD_LIBRARIES = YES;
				CODE_SIGN_STYLE = Automatic;
				CURRENT_PROJECT_VERSION = 1;
				GENERATE_INFOPLIST_FILE = YES;
				MARKETING_VERSION = 1.0;
				PRODUCT_BUNDLE_IDENTIFIER = testtt.CounterUITests;
				PRODUCT_NAME = "$(TARGET_NAME)";
				SWIFT_EMIT_LOC_STRINGS = NO;
				SWIFT_VERSION = 5.0;
				TARGETED_DEVICE_FAMILY = "1,2";
				TEST_TARGET_NAME = Counter;
			};
			name = Debug;
		};
		52E9A93F2A7025CE007BD7C3 /* Release */ = {
			isa = XCBuildConfiguration;
			buildSettings = {
				ALWAYS_EMBED_SWIFT_STANDARD_LIBRARIES = YES;
				CODE_SIGN_STYLE = Automatic;
				CURRENT_PROJECT_VERSION = 1;
				GENERATE_INFOPLIST_FILE = YES;
				MARKETING_VERSION = 1.0;
				PRODUCT_BUNDLE_IDENTIFIER = testtt.CounterUITests;
				PRODUCT_NAME = "$(TARGET_NAME)";
				SWIFT_EMIT_LOC_STRINGS = NO;
				SWIFT_VERSION = 5.0;
				TARGETED_DEVICE_FAMILY = "1,2";
				TEST_TARGET_NAME = Counter;
			};
			name = Release;
		};
/* End XCBuildConfiguration section */

/* Begin XCConfigurationList section */
		52E9A9082A7025CD007BD7C3 /* Build configuration list for PBXProject "Counter" */ = {
			isa = XCConfigurationList;
			buildConfigurations = (
				52E9A9352A7025CE007BD7C3 /* Debug */,
				52E9A9362A7025CE007BD7C3 /* Release */,
			);
			defaultConfigurationIsVisible = 0;
			defaultConfigurationName = Release;
		};
		52E9A9372A7025CE007BD7C3 /* Build configuration list for PBXNativeTarget "Counter" */ = {
			isa = XCConfigurationList;
			buildConfigurations = (
				52E9A9382A7025CE007BD7C3 /* Debug */,
				52E9A9392A7025CE007BD7C3 /* Release */,
			);
			defaultConfigurationIsVisible = 0;
			defaultConfigurationName = Release;
		};
		52E9A93A2A7025CE007BD7C3 /* Build configuration list for PBXNativeTarget "CounterTests" */ = {
			isa = XCConfigurationList;
			buildConfigurations = (
				52E9A93B2A7025CE007BD7C3 /* Debug */,
				52E9A93C2A7025CE007BD7C3 /* Release */,
			);
			defaultConfigurationIsVisible = 0;
			defaultConfigurationName = Release;
		};
		52E9A93D2A7025CE007BD7C3 /* Build configuration list for PBXNativeTarget "CounterUITests" */ = {
			isa = XCConfigurationList;
			buildConfigurations = (
				52E9A93E2A7025CE007BD7C3 /* Debug */,
				52E9A93F2A7025CE007BD7C3 /* Release */,
			);
			defaultConfigurationIsVisible = 0;
			defaultConfigurationName = Release;
		};
/* End XCConfigurationList section */
	};
	rootObject = 52E9A9052A7025CD007BD7C3 /* Project object */;
}
